# THIS IS AN AUTOGENERATED FILE. DO NOT EDIT THIS FILE DIRECTLY.
# yarn lockfile v1


async@0.9.0:
  version "0.9.0"
  resolved "https://registry.yarnpkg.com/async/-/async-0.9.0.tgz#ac3613b1da9bed1b47510bb4651b8931e47146c7"
  integrity sha1-rDYTsdqb7RtHUQu0ZRuJMeRxRsc=

bson@~0.2:
  version "0.2.22"
  resolved "https://registry.yarnpkg.com/bson/-/bson-0.2.22.tgz#fcda103f26d0c074d5a52d50927db80fd02b4b39"
  integrity sha1-/NoQPybQwHTVpS1Qkn24D9ArSzk=
  dependencies:
    nan "~1.8"

debug@0.7.4:
  version "0.7.4"
  resolved "https://registry.yarnpkg.com/debug/-/debug-0.7.4.tgz#06e1ea8082c2cb14e39806e22e2f6f757f92af39"
  integrity sha1-BuHqgILCyxTjmAbiLi9vdX+Srzk=

hooks@0.3.2:
  version "0.3.2"
  resolved "https://registry.yarnpkg.com/hooks/-/hooks-0.3.2.tgz#a31f060c2026cea6cf1ca3eb178430e718e1c4a3"
  integrity sha1-ox8GDCAmzqbPHKPrF4Qw5xjhxKM=

inherits@^2.0.3:
  version "2.0.4"
  resolved "https://registry.yarnpkg.com/inherits/-/inherits-2.0.4.tgz#0fa2c64f932917c3433a0ded55363aae37416b7c"
  integrity sha512-k/vGaX4/Yla3WzyMCvTQOXYeIHvqOKtnqBduzTHpzpQZzAskKMhZ2K+EnBiSM9zGSoIFeMpXKxa4dYeZIQqewQ==

kareem@0.0.4:
  version "0.0.4"
  resolved "https://registry.yarnpkg.com/kareem/-/kareem-0.0.4.tgz#a8475defd74cf829b0071d20e6971bf15d911d2b"
  integrity sha1-qEdd79dM+CmwBx0g5pcb8V2RHSs=

kerberos@0.0.4:
  version "0.0.4"
  resolved "https://registry.yarnpkg.com/kerberos/-/kerberos-0.0.4.tgz#11836638f729a2f6c5bae056a7d7a15898c9ba7c"
  integrity sha1-EYNmOPcpovbFuuBWp9ehWJjJunw=

mongodb@1.4.12:
  version "1.4.12"
  resolved "https://registry.yarnpkg.com/mongodb/-/mongodb-1.4.12.tgz#65cdd46ec127861e941168fdccf82bf17ad71c4d"
  integrity sha1-Zc3UbsEnhh6UEWj9zPgr8XrXHE0=
  dependencies:
    bson "~0.2"
  optionalDependencies:
    kerberos "0.0.4"
    readable-stream latest

mongoose@^3.8.22:
  version "3.9.7"
  resolved "https://registry.yarnpkg.com/mongoose/-/mongoose-3.9.7.tgz#b315e6ebe5cefcce3843504b791f038828048da6"
  integrity sha1-sxXm6+XO/M44Q1BLeR8DiCgEjaY=
  dependencies:
    async "0.9.0"
    hooks "0.3.2"
    kareem "0.0.4"
    mongodb "1.4.12"
    mpath "0.1.1"
    mpromise "0.5.4"
    mquery "1.0.0"
    ms "0.1.0"
    muri "0.3.1"
    regexp-clone "0.0.1"
    sliced "0.0.5"

mpath@0.1.1:
  version "0.1.1"
  resolved "https://registry.yarnpkg.com/mpath/-/mpath-0.1.1.tgz#23da852b7c232ee097f4759d29c0ee9cd22d5e46"
  integrity sha1-I9qFK3wjLuCX9HWdKcDunNItXkY=

mpromise@0.5.4:
  version "0.5.4"
  resolved "https://registry.yarnpkg.com/mpromise/-/mpromise-0.5.4.tgz#b610613ec6de37419f944b35f0783b4de9f5dc75"
  integrity sha1-thBhPsbeN0GflEs18Hg7Ten13HU=

mquery@1.0.0:
  version "1.0.0"
  resolved "https://registry.yarnpkg.com/mquery/-/mquery-1.0.0.tgz#6940a46d643368fe8e5abddeb94bd8dd32013f5b"
  integrity sha1-aUCkbWQzaP6OWr3euUvY3TIBP1s=
  dependencies:
    debug "0.7.4"
    regexp-clone "0.0.1"
    sliced "0.0.5"

ms@0.1.0:
  version "0.1.0"
  resolved "https://registry.yarnpkg.com/ms/-/ms-0.1.0.tgz#f21fac490daf1d7667fd180fe9077389cc9442b2"
  integrity sha1-8h+sSQ2vHXZn/RgP6QdzicyUQrI=

muri@0.3.1:
  version "0.3.1"
  resolved "https://registry.yarnpkg.com/muri/-/muri-0.3.1.tgz#861889c5c857f1a43700bee85d50731f61727c9a"
  integrity sha1-hhiJxchX8aQ3AL7oXVBzH2FyfJo=

nan@~1.8:
  version "1.8.4"
  resolved "https://registry.yarnpkg.com/nan/-/nan-1.8.4.tgz#3c76b5382eab33e44b758d2813ca9d92e9342f34"
  integrity sha1-PHa1OC6rM+RLdY0oE8qdkuk0LzQ=

readable-stream@latest:
  version "3.6.0"
  resolved "https://registry.yarnpkg.com/readable-stream/-/readable-stream-3.6.0.tgz#337bbda3adc0706bd3e024426a286d4b4b2c9198"
  integrity sha512-BViHy7LKeTz4oNnkcLJ+lVSL6vpiFeX6/d3oSH8zCW7UxP2onchk+vTGB143xuFjHS3deTgkKoXXymXqymiIdA==
  dependencies:
    inherits "^2.0.3"
    string_decoder "^1.1.1"
    util-deprecate "^1.0.1"

regexp-clone@0.0.1:
  version "0.0.1"
  resolved "https://registry.yarnpkg.com/regexp-clone/-/regexp-clone-0.0.1.tgz#a7c2e09891fdbf38fbb10d376fb73003e68ac589"
  integrity sha1-p8LgmJH9vzj7sQ03b7cwA+aKxYk=

safe-buffer@~5.2.0:
  version "5.2.1"
  resolved "https://registry.yarnpkg.com/safe-buffer/-/safe-buffer-5.2.1.tgz#1eaf9fa9bdb1fdd4ec75f58f9cdb4e6b7827eec6"
  integrity sha512-rp3So07KcdmmKbGvgaNxQSJr7bGVSVk5S9Eq1F+ppbRo70+YeaDxkw5Dd8NPN+GD6bjnYm2VuPuCXmpuYvmCXQ==

sliced@0.0.5:
  version "0.0.5"
  resolved "https://registry.yarnpkg.com/sliced/-/sliced-0.0.5.tgz#5edc044ca4eb6f7816d50ba2fc63e25d8fe4707f"
  integrity sha1-XtwETKTrb3gW1Qui/GPiXY/kcH8=

string_decoder@^1.1.1:
  version "1.3.0"
  resolved "https://registry.yarnpkg.com/string_decoder/-/string_decoder-1.3.0.tgz#42f114594a46cf1a8e30b0a84f56c78c3edac21e"
  integrity sha512-hkRX8U1WjJFd8LsDJ2yQ/wWWxaopEsABU1XfkM8A+j0+85JAGppt16cr1Whg6KIbb4okU6Mql6BOj+uup/wKeA==
  dependencies:
    safe-buffer "~5.2.0"

util-deprecate@^1.0.1:
  version "1.0.2"
  resolved "https://registry.yarnpkg.com/util-deprecate/-/util-deprecate-1.0.2.tgz#450d4dc9fa70de732762fbd2d4a28981419a0ccf"
  integrity sha1-RQ1Nyfpw3nMnYvvS1KKJgUGaDM8=
